
Microsoft Visual Studio Solution File, Format Version 12.00
# Visual Studio Version 17
VisualStudioVersion = 17.3.32825.248
MinimumVisualStudioVersion = 10.0.40219.1
Project("{9A19103F-16F7-4668-BE54-9A1E7A4F7556}") = "AdvancedEgzaminas", "AdvancedEgzaminas\AdvancedEgzaminas.csproj", "{E353EADC-18DC-4FEA-9610-05C9E249691B}"
EndProject
Project("{FAE04EC0-301F-11D3-BF4B-00C04F79EFBC}") = "RestaurantSystemTests", "RestaurantSystemTests\RestaurantSystemTests.csproj", "{FEA1252C-9F84-4B94-8E9D-C2B69FF572B7}"
EndProject
Global
	GlobalSection(SolutionConfigurationPlatforms) = preSolution
		Debug|Any CPU = Debug|Any CPU
		Release|Any CPU = Release|Any CPU
	EndGlobalSection
	GlobalSection(ProjectConfigurationPlatforms) = postSolution
		{E353EADC-18DC-4FEA-9610-05C9E249691B}.Debug|Any CPU.ActiveCfg = Debug|Any CPU
		{E353EADC-18DC-4FEA-9610-05C9E249691B}.Debug|Any CPU.Build.0 = Debug|Any CPU
		{E353EADC-18DC-4FEA-9610-05C9E249691B}.Release|Any CPU.ActiveCfg = Release|Any CPU
		{E353EADC-18DC-4FEA-9610-05C9E249691B}.Release|Any CPU.Build.0 = Release|Any CPU
		{FEA1252C-9F84-4B94-8E9D-C2B69FF572B7}.Debug|Any CPU.ActiveCfg = Debug|Any CPU
		{FEA1252C-9F84-4B94-8E9D-C2B69FF572B7}.Debug|Any CPU.Build.0 = Debug|Any CPU
		{FEA1252C-9F84-4B94-8E9D-C2B69FF572B7}.Release|Any CPU.ActiveCfg = Release|Any CPU
		{FEA1252C-9F84-4B94-8E9D-C2B69FF572B7}.Release|Any CPU.Build.0 = Release|Any CPU
	EndGlobalSection
	GlobalSection(SolutionProperties) = preSolution
		HideSolutionNode = FALSE
	EndGlobalSection
	GlobalSection(ExtensibilityGlobals) = postSolution
		SolutionGuid = {D299A6D5-FDEB-49EA-886A-3D60862C8297}
	EndGlobalSection
EndGlobal
